// !$*UTF8*$!
{
	archiveVersion = 1;
	classes = {
	};
	objectVersion = 56;
	objects = {

/* Begin PBXBuildFile section */
		1A000001000000000000001 /* MovieBoxZAdminApp.swift in Sources */ = {isa = PBXBuildFile; fileRef = 1A000002000000000000001 /* MovieBoxZAdminApp.swift */; };
		1A000003000000000000001 /* AdminView.swift in Sources */ = {isa = PBXBuildFile; fileRef = 1A000004000000000000001 /* AdminView.swift */; };
		1A000005000000000000001 /* MoviesView.swift in Sources */ = {isa = PBXBuildFile; fileRef = 1A000006000000000000001 /* MoviesView.swift */; };
		1A000007000000000000001 /* Models.swift in Sources */ = {isa = PBXBuildFile; fileRef = 1A000008000000000000001 /* Models.swift */; };
		1A000009000000000000001 /* AdminAPIService.swift in Sources */ = {isa = PBXBuildFile; fileRef = 1A00000A000000000000001 /* AdminAPIService.swift */; };
		1A00000B000000000000002 /* StagingView.swift in Sources */ = {isa = PBXBuildFile; fileRef = 1A00000C000000000000002 /* StagingView.swift */; };
		1A00000D000000000000003 /* ChannelManagementView.swift in Sources */ = {isa = PBXBuildFile; fileRef = 1A00000E000000000000003 /* ChannelManagementView.swift */; };
		1D9038CC2F38ABA0005CB07C /* BulkImportView.swift in Sources */ = {isa = PBXBuildFile; fileRef = 1D9038CB2F38ABA0005CB07C /* BulkImportView.swift */; };
		1D9038CE2F38ABA9005CB07C /* ChannelMoviesView.swift in Sources */ = {isa = PBXBuildFile; fileRef = 1D9038CD2F38ABA9005CB07C /* ChannelMoviesView.swift */; };
		1D9038D02F38ABB4005CB07C /* ChannelSettingsView.swift in Sources */ = {isa = PBXBuildFile; fileRef = 1D9038CF2F38ABB4005CB07C /* ChannelSettingsView.swift */; };
		1D9038D22F38ABBD005CB07C /* ImportHistoryView.swift in Sources */ = {isa = PBXBuildFile; fileRef = 1D9038D12F38ABBD005CB07C /* ImportHistoryView.swift */; };
		1D9038D42F38D24D005CB07C /* ChannelMovieDetailView.swift in Sources */ = {isa = PBXBuildFile; fileRef = 1D9038D32F38D24D005CB07C /* ChannelMovieDetailView.swift */; };
		1A00000F000000000000004 /* SharedComponents.swift in Sources */ = {isa = PBXBuildFile; fileRef = 1A000010000000000000004 /* SharedComponents.swift */; };
		1A000011000000000000005 /* ProductionMovieEditView.swift in Sources */ = {isa = PBXBuildFile; fileRef = 1A000012000000000000005 /* ProductionMovieEditView.swift */; };
		1A000001000000000000006 /* TVSeriesView.swift in Sources */ = {isa = PBXBuildFile; fileRef = 1A000002000000000000006 /* TVSeriesView.swift */; };
		1A000001000000000000007 /* FeaturedMoviesView.swift in Sources */ = {isa = PBXBuildFile; fileRef = 1A000002000000000000007 /* FeaturedMoviesView.swift */; };
		AD00000200000000000000A1 /* VerificationQueueView.swift in Sources */ = {isa = PBXBuildFile; fileRef = AD00000100000000000000A1 /* VerificationQueueView.swift */; };
		AD00000400000000000000A2 /* DuplicateManagerView.swift in Sources */ = {isa = PBXBuildFile; fileRef = AD00000300000000000000A2 /* DuplicateManagerView.swift */; };
		AD00000600000000000000A3 /* SeriesMatchingView.swift in Sources */ = {isa = PBXBuildFile; fileRef = AD00000500000000000000A3 /* SeriesMatchingView.swift */; };
/* End PBXBuildFile section */

/* Begin PBXFileReference section */
		1A000002000000000000001 /* MovieBoxZAdminApp.swift */ = {isa = PBXFileReference; lastKnownFileType = sourcecode.swift; path = MovieBoxZAdminApp.swift; sourceTree = "<group>"; };
		1A000004000000000000001 /* AdminView.swift */ = {isa = PBXFileReference; lastKnownFileType = sourcecode.swift; path = AdminView.swift; sourceTree = "<group>"; };
		1A000006000000000000001 /* MoviesView.swift */ = {isa = PBXFileReference; lastKnownFileType = sourcecode.swift; path = MoviesView.swift; sourceTree = "<group>"; };
		1A000008000000000000001 /* Models.swift */ = {isa = PBXFileReference; lastKnownFileType = sourcecode.swift; path = Models.swift; sourceTree = "<group>"; };
		1A00000A000000000000001 /* AdminAPIService.swift */ = {isa = PBXFileReference; lastKnownFileType = sourcecode.swift; path = AdminAPIService.swift; sourceTree = "<group>"; };
		1A00000B000000000000001 /* MovieBoxZAdmin.app */ = {isa = PBXFileReference; explicitFileType = wrapper.application; includeInIndex = 0; path = MovieBoxZAdmin.app; sourceTree = BUILT_PRODUCTS_DIR; };
		1A00000C000000000000001 /* MovieBoxZAdmin.entitlements */ = {isa = PBXFileReference; lastKnownFileType = text.plist.entitlements; path = MovieBoxZAdmin.entitlements; sourceTree = "<group>"; };
		1A00000C000000000000002 /* StagingView.swift */ = {isa = PBXFileReference; lastKnownFileType = sourcecode.swift; path = StagingView.swift; sourceTree = "<group>"; };
		1A00000E000000000000003 /* ChannelManagementView.swift */ = {isa = PBXFileReference; lastKnownFileType = sourcecode.swift; path = ChannelManagementView.swift; sourceTree = "<group>"; };
		1D9038CB2F38ABA0005CB07C /* BulkImportView.swift */ = {isa = PBXFileReference; lastKnownFileType = sourcecode.swift; path = BulkImportView.swift; sourceTree = "<group>"; };
		1D9038CD2F38ABA9005CB07C /* ChannelMoviesView.swift */ = {isa = PBXFileReference; lastKnownFileType = sourcecode.swift; path = ChannelMoviesView.swift; sourceTree = "<group>"; };
		1D9038CF2F38ABB4005CB07C /* ChannelSettingsView.swift */ = {isa = PBXFileReference; lastKnownFileType = sourcecode.swift; path = ChannelSettingsView.swift; sourceTree = "<group>"; };
		1D9038D12F38ABBD005CB07C /* ImportHistoryView.swift */ = {isa = PBXFileReference; lastKnownFileType = sourcecode.swift; path = ImportHistoryView.swift; sourceTree = "<group>"; };
		1D9038D32F38D24D005CB07C /* ChannelMovieDetailView.swift */ = {isa = PBXFileReference; lastKnownFileType = sourcecode.swift; path = ChannelMovieDetailView.swift; sourceTree = "<group>"; };
		1A000010000000000000004 /* SharedComponents.swift */ = {isa = PBXFileReference; lastKnownFileType = sourcecode.swift; path = SharedComponents.swift; sourceTree = "<group>"; };
		1A000012000000000000005 /* ProductionMovieEditView.swift */ = {isa = PBXFileReference; lastKnownFileType = sourcecode.swift; path = ProductionMovieEditView.swift; sourceTree = "<group>"; };
		1A000002000000000000006 /* TVSeriesView.swift */ = {isa = PBXFileReference; lastKnownFileType = sourcecode.swift; path = TVSeriesView.swift; sourceTree = "<group>"; };
		1A000002000000000000007 /* FeaturedMoviesView.swift */ = {isa = PBXFileReference; lastKnownFileType = sourcecode.swift; path = FeaturedMoviesView.swift; sourceTree = "<group>"; };
		AD00000100000000000000A1 /* VerificationQueueView.swift */ = {isa = PBXFileReference; lastKnownFileType = sourcecode.swift; path = VerificationQueueView.swift; sourceTree = "<group>"; };
		AD00000300000000000000A2 /* DuplicateManagerView.swift */ = {isa = PBXFileReference; lastKnownFileType = sourcecode.swift; path = DuplicateManagerView.swift; sourceTree = "<group>"; };
		AD00000500000000000000A3 /* SeriesMatchingView.swift */ = {isa = PBXFileReference; lastKnownFileType = sourcecode.swift; path = SeriesMatchingView.swift; sourceTree = "<group>"; };
/* End PBXFileReference section */

/* Begin PBXFrameworksBuildPhase section */
		1A00000D000000000000001 /* Frameworks */ = {
			isa = PBXFrameworksBuildPhase;
			buildActionMask = 2147483647;
			files = (
			);
			runOnlyForDeploymentPostprocessing = 0;
		};
/* End PBXFrameworksBuildPhase section */

/* Begin PBXGroup section */
		1A00000E000000000000001 = {
			isa = PBXGroup;
			children = (
				1A00000F000000000000001 /* MovieBoxZAdmin */,
				1A000010000000000000001 /* Products */,
			);
			sourceTree = "<group>";
		};
		1A00000F000000000000001 /* MovieBoxZAdmin */ = {
			isa = PBXGroup;
			children = (
				1A000002000000000000001 /* MovieBoxZAdminApp.swift */,
				1A000011000000000000001 /* Views */,
				1A000012000000000000001 /* Models */,
				1A000013000000000000001 /* Services */,
				1A00000C000000000000001 /* MovieBoxZAdmin.entitlements */,
			);
			path = MovieBoxZAdmin;
			sourceTree = "<group>";
		};
		1A000010000000000000001 /* Products */ = {
			isa = PBXGroup;
			children = (
				1A00000B000000000000001 /* MovieBoxZAdmin.app */,
			);
			name = Products;
			sourceTree = "<group>";
		};
		1A000011000000000000001 /* Views */ = {
			isa = PBXGroup;
			children = (
				1D9038D12F38ABBD005CB07C /* ImportHistoryView.swift */,
				1D9038D32F38D24D005CB07C /* ChannelMovieDetailView.swift */,
				1D9038CF2F38ABB4005CB07C /* ChannelSettingsView.swift */,
				1D9038CD2F38ABA9005CB07C /* ChannelMoviesView.swift */,
				1D9038CB2F38ABA0005CB07C /* BulkImportView.swift */,
				1A000004000000000000001 /* AdminView.swift */,
				1A00000C000000000000002 /* StagingView.swift */,
				1A00000E000000000000003 /* ChannelManagementView.swift */,
				1A000006000000000000001 /* MoviesView.swift */,
				1A000012000000000000005 /* ProductionMovieEditView.swift */,
				1A000010000000000000004 /* SharedComponents.swift */,
				1A000002000000000000006 /* TVSeriesView.swift */,
				1A000002000000000000007 /* FeaturedMoviesView.swift */,
				AD00000100000000000000A1 /* VerificationQueueView.swift */,
				AD00000300000000000000A2 /* DuplicateManagerView.swift */,
				AD00000500000000000000A3 /* SeriesMatchingView.swift */,
			);
			path = Views;
			sourceTree = "<group>";
		};
		1A000012000000000000001 /* Models */ = {
			isa = PBXGroup;
			children = (
				1A000008000000000000001 /* Models.swift */,
			);
			path = Models;
			sourceTree = "<group>";
		};
		1A000013000000000000001 /* Services */ = {
			isa = PBXGroup;
			children = (
				1A00000A000000000000001 /* AdminAPIService.swift */,
			);
			path = Services;
			sourceTree = "<group>";
		};
/* End PBXGroup section */

/* Begin PBXNativeTarget section */
		1A000014000000000000001 /* MovieBoxZAdmin */ = {
			isa = PBXNativeTarget;
			buildConfigurationList = 1A000015000000000000001 /* Build configuration list for PBXNativeTarget "MovieBoxZAdmin" */;
			buildPhases = (
				1A000016000000000000001 /* Sources */,
				1A00000D000000000000001 /* Frameworks */,
				1A000017000000000000001 /* Resources */,
			);
			buildRules = (
			);
			dependencies = (
			);
			name = MovieBoxZAdmin;
			productName = MovieBoxZAdmin;
			productReference = 1A00000B000000000000001 /* MovieBoxZAdmin.app */;
			productType = "com.apple.product-type.application";
		};
/* End PBXNativeTarget section */

/* Begin PBXProject section */
		1A000018000000000000001 /* Project object */ = {
			isa = PBXProject;
			attributes = {
				BuildIndependentTargetsInParallel = 1;
				LastSwiftUpdateCheck = 1500;
				LastUpgradeCheck = 1640;
				TargetAttributes = {
					1A000014000000000000001 = {
						CreatedOnToolsVersion = 15.0;
					};
				};
			};
			buildConfigurationList = 1A000019000000000000001 /* Build configuration list for PBXProject "MovieBoxZAdmin" */;
			compatibilityVersion = "Xcode 14.0";
			developmentRegion = en;
			hasScannedForEncodings = 0;
			knownRegions = (
				en,
				Base,
			);
			mainGroup = 1A00000E000000000000001;
			productRefGroup = 1A000010000000000000001 /* Products */;
			projectDirPath = "";
			projectRoot = "";
			targets = (
				1A000014000000000000001 /* MovieBoxZAdmin */,
			);
		};
/* End PBXProject section */

/* Begin PBXResourcesBuildPhase section */
		1A000017000000000000001 /* Resources */ = {
			isa = PBXResourcesBuildPhase;
			buildActionMask = 2147483647;
			files = (
			);
			runOnlyForDeploymentPostprocessing = 0;
		};
/* End PBXResourcesBuildPhase section */

/* Begin PBXSourcesBuildPhase section */
		1A000016000000000000001 /* Sources */ = {
			isa = PBXSourcesBuildPhase;
			buildActionMask = 2147483647;
			files = (
				1A000001000000000000001 /* MovieBoxZAdminApp.swift in Sources */,
				1A000003000000000000001 /* AdminView.swift in Sources */,
				1A00000B000000000000002 /* StagingView.swift in Sources */,
				1D9038D22F38ABBD005CB07C /* ImportHistoryView.swift in Sources */,
				1D9038CC2F38ABA0005CB07C /* BulkImportView.swift in Sources */,
				1A00000D000000000000003 /* ChannelManagementView.swift in Sources */,
				1D9038D42F38D24D005CB07C /* MovieDetailView.swift in Sources */,
				1D9038CE2F38ABA9005CB07C /* ChannelMoviesView.swift in Sources */,
				1A000005000000000000001 /* MoviesView.swift in Sources */,
				1D9038D02F38ABB4005CB07C /* ChannelSettingsView.swift in Sources */,
				1A000007000000000000001 /* Models.swift in Sources */,
				1A000009000000000000001 /* AdminAPIService.swift in Sources */,
				1A000011000000000000005 /* ProductionMovieEditView.swift in Sources */,
				1A00000F000000000000004 /* SharedComponents.swift in Sources */,
				1A000001000000000000006 /* TVSeriesView.swift in Sources */,
				1A000001000000000000007 /* FeaturedMoviesView.swift in Sources */,
				AD00000200000000000000A1 /* VerificationQueueView.swift in Sources */,
				AD00000400000000000000A2 /* DuplicateManagerView.swift in Sources */,
				AD00000600000000000000A3 /* SeriesMatchingView.swift in Sources */,
			);
			runOnlyForDeploymentPostprocessing = 0;
		};
/* End PBXSourcesBuildPhase section */

/* Begin XCBuildConfiguration section */
		1A00001A000000000000001 /* Debug */ = {
			isa = XCBuildConfiguration;
			buildSettings = {
				ALWAYS_SEARCH_USER_PATHS = NO;
				ASSETCATALOG_COMPILER_GENERATE_SWIFT_ASSET_SYMBOL_EXTENSIONS = YES;
				CLANG_ANALYZER_NONNULL = YES;
				CLANG_ANALYZER_NUMBER_OBJECT_CONVERSION = YES_AGGRESSIVE;
				CLANG_CXX_LANGUAGE_STANDARD = "gnu++20";
				CLANG_ENABLE_MODULES = YES;
				CLANG_ENABLE_OBJC_ARC = YES;
				CLANG_ENABLE_OBJC_WEAK = YES;
				CLANG_WARN_BLOCK_CAPTURE_AUTORELEASING = YES;
				CLANG_WARN_BOOL_CONVERSION = YES;
				CLANG_WARN_COMMA = YES;
				CLANG_WARN_CONSTANT_CONVERSION = YES;
				CLANG_WARN_DEPRECATED_OBJC_IMPLEMENTATIONS = YES;
				CLANG_WARN_DIRECT_OBJC_ISA_USAGE = YES_ERROR;
				CLANG_WARN_DOCUMENTATION_COMMENTS = YES;
				CLANG_WARN_EMPTY_BODY = YES;
				CLANG_WARN_ENUM_CONVERSION = YES;
				CLANG_WARN_INFINITE_RECURSION = YES;
				CLANG_WARN_INT_CONVERSION = YES;
				CLANG_WARN_NON_LITERAL_NULL_CONVERSION = YES;
				CLANG_WARN_OBJC_IMPLICIT_RETAIN_SELF = YES;
				CLANG_WARN_OBJC_LITERAL_CONVERSION = YES;
				CLANG_WARN_OBJC_ROOT_CLASS = YES_ERROR;
				CLANG_WARN_QUOTED_INCLUDE_IN_FRAMEWORK_HEADER = YES;
				CLANG_WARN_RANGE_LOOP_ANALYSIS = YES;
				CLANG_WARN_STRICT_PROTOTYPES = YES;
				CLANG_WARN_SUSPICIOUS_MOVE = YES;
				CLANG_WARN_UNGUARDED_AVAILABILITY = YES_AGGRESSIVE;
				CLANG_WARN_UNREACHABLE_CODE = YES;
				CLANG_WARN__DUPLICATE_METHOD_MATCH = YES;
				CODE_SIGN_ALLOW_ENTITLEMENTS_MODIFICATION = YES;
				COPY_PHASE_STRIP = NO;
				DEAD_CODE_STRIPPING = YES;
				DEBUG_INFORMATION_FORMAT = dwarf;
				ENABLE_STRICT_OBJC_MSGSEND = YES;
				ENABLE_TESTABILITY = YES;
				ENABLE_USER_SCRIPT_SANDBOXING = YES;
				GCC_C_LANGUAGE_STANDARD = gnu17;
				GCC_DYNAMIC_NO_PIC = NO;
				GCC_NO_COMMON_BLOCKS = YES;
				GCC_OPTIMIZATION_LEVEL = 0;
				GCC_PREPROCESSOR_DEFINITIONS = (
					"DEBUG=1",
					"$(inherited)",
				);
				GCC_WARN_64_TO_32_BIT_CONVERSION = YES;
				GCC_WARN_ABOUT_RETURN_TYPE = YES_ERROR;
				GCC_WARN_UNDECLARED_SELECTOR = YES;
				GCC_WARN_UNINITIALIZED_AUTOS = YES_AGGRESSIVE;
				GCC_WARN_UNUSED_FUNCTION = YES;
				GCC_WARN_UNUSED_VARIABLE = YES;
				LOCALIZATION_PREFERS_STRING_CATALOGS = YES;
				MACOSX_DEPLOYMENT_TARGET = 14.0;
				MTL_ENABLE_DEBUG_INFO = INCLUDE_SOURCE;
				MTL_FAST_MATH = YES;
				ONLY_ACTIVE_ARCH = YES;
				SDKROOT = macosx;
				SWIFT_ACTIVE_COMPILATION_CONDITIONS = "DEBUG $(inherited)";
				SWIFT_OPTIMIZATION_LEVEL = "-Onone";
			};
			name = Debug;
		};
		1A00001B000000000000001 /* Release */ = {
			isa = XCBuildConfiguration;
			buildSettings = {
				ALWAYS_SEARCH_USER_PATHS = NO;
				ASSETCATALOG_COMPILER_GENERATE_SWIFT_ASSET_SYMBOL_EXTENSIONS = YES;
				CLANG_ANALYZER_NONNULL = YES;
				CLANG_ANALYZER_NUMBER_OBJECT_CONVERSION = YES_AGGRESSIVE;
				CLANG_CXX_LANGUAGE_STANDARD = "gnu++20";
				CLANG_ENABLE_MODULES = YES;
				CLANG_ENABLE_OBJC_ARC = YES;
				CLANG_ENABLE_OBJC_WEAK = YES;
				CLANG_WARN_BLOCK_CAPTURE_AUTORELEASING = YES;
				CLANG_WARN_BOOL_CONVERSION = YES;
				CLANG_WARN_COMMA = YES;
				CLANG_WARN_CONSTANT_CONVERSION = YES;
				CLANG_WARN_DEPRECATED_OBJC_IMPLEMENTATIONS = YES;
				CLANG_WARN_DIRECT_OBJC_ISA_USAGE = YES_ERROR;
				CLANG_WARN_DOCUMENTATION_COMMENTS = YES;
				CLANG_WARN_EMPTY_BODY = YES;
				CLANG_WARN_ENUM_CONVERSION = YES;
				CLANG_WARN_INFINITE_RECURSION = YES;
				CLANG_WARN_INT_CONVERSION = YES;
				CLANG_WARN_NON_LITERAL_NULL_CONVERSION = YES;
				CLANG_WARN_OBJC_IMPLICIT_RETAIN_SELF = YES;
				CLANG_WARN_OBJC_LITERAL_CONVERSION = YES;
				CLANG_WARN_OBJC_ROOT_CLASS = YES_ERROR;
				CLANG_WARN_QUOTED_INCLUDE_IN_FRAMEWORK_HEADER = YES;
				CLANG_WARN_RANGE_LOOP_ANALYSIS = YES;
				CLANG_WARN_STRICT_PROTOTYPES = YES;
				CLANG_WARN_SUSPICIOUS_MOVE = YES;
				CLANG_WARN_UNGUARDED_AVAILABILITY = YES_AGGRESSIVE;
				CLANG_WARN_UNREACHABLE_CODE = YES;
				CLANG_WARN__DUPLICATE_METHOD_MATCH = YES;
				CODE_SIGN_ALLOW_ENTITLEMENTS_MODIFICATION = YES;
				COPY_PHASE_STRIP = NO;
				DEAD_CODE_STRIPPING = YES;
				DEBUG_INFORMATION_FORMAT = "dwarf-with-dsym";
				ENABLE_NS_ASSERTIONS = NO;
				ENABLE_STRICT_OBJC_MSGSEND = YES;
				ENABLE_USER_SCRIPT_SANDBOXING = YES;
				GCC_C_LANGUAGE_STANDARD = gnu17;
				GCC_NO_COMMON_BLOCKS = YES;
				GCC_WARN_64_TO_32_BIT_CONVERSION = YES;
				GCC_WARN_ABOUT_RETURN_TYPE = YES_ERROR;
				GCC_WARN_UNDECLARED_SELECTOR = YES;
				GCC_WARN_UNINITIALIZED_AUTOS = YES_AGGRESSIVE;
				GCC_WARN_UNUSED_FUNCTION = YES;
				GCC_WARN_UNUSED_VARIABLE = YES;
				LOCALIZATION_PREFERS_STRING_CATALOGS = YES;
				MACOSX_DEPLOYMENT_TARGET = 14.0;
				MTL_ENABLE_DEBUG_INFO = NO;
				MTL_FAST_MATH = YES;
				SDKROOT = macosx;
				SWIFT_COMPILATION_MODE = wholemodule;
			};
			name = Release;
		};
		1A00001C000000000000001 /* Debug */ = {
			isa = XCBuildConfiguration;
			buildSettings = {
				ASSETCATALOG_COMPILER_APPICON_NAME = AppIcon;
				CODE_SIGN_ENTITLEMENTS = MovieBoxZAdmin/MovieBoxZAdmin.entitlements;
				CODE_SIGN_STYLE = Automatic;
				COMBINE_HIDPI_IMAGES = YES;
				CURRENT_PROJECT_VERSION = 1;
				DEAD_CODE_STRIPPING = YES;
				DEVELOPMENT_TEAM = "";
				ENABLE_HARDENED_RUNTIME = YES;
				GENERATE_INFOPLIST_FILE = YES;
				INFOPLIST_KEY_LSApplicationCategoryType = "public.app-category.utilities";
				INFOPLIST_KEY_NSHumanReadableCopyright = "";
				LD_RUNPATH_SEARCH_PATHS = (
					"$(inherited)",
					"@executable_path/../Frameworks",
				);
				MACOSX_DEPLOYMENT_TARGET = 15.0;
				MARKETING_VERSION = 1.0;
				PRODUCT_BUNDLE_IDENTIFIER = com.movieboxz.admin;
				PRODUCT_NAME = "$(TARGET_NAME)";
				SWIFT_EMIT_LOC_STRINGS = YES;
				SWIFT_VERSION = 5.0;
			};
			name = Debug;
		};
		1A00001D000000000000001 /* Release */ = {
			isa = XCBuildConfiguration;
			buildSettings = {
				ASSETCATALOG_COMPILER_APPICON_NAME = AppIcon;
				CODE_SIGN_ENTITLEMENTS = MovieBoxZAdmin/MovieBoxZAdmin.entitlements;
				CODE_SIGN_STYLE = Automatic;
				COMBINE_HIDPI_IMAGES = YES;
				CURRENT_PROJECT_VERSION = 1;
				DEAD_CODE_STRIPPING = YES;
				DEVELOPMENT_TEAM = "";
				ENABLE_HARDENED_RUNTIME = YES;
				GENERATE_INFOPLIST_FILE = YES;
				INFOPLIST_KEY_LSApplicationCategoryType = "public.app-category.utilities";
				INFOPLIST_KEY_NSHumanReadableCopyright = "";
				LD_RUNPATH_SEARCH_PATHS = (
					"$(inherited)",
					"@executable_path/../Frameworks",
				);
				MACOSX_DEPLOYMENT_TARGET = 15.0;
				MARKETING_VERSION = 1.0;
				PRODUCT_BUNDLE_IDENTIFIER = com.movieboxz.admin;
				PRODUCT_NAME = "$(TARGET_NAME)";
				SWIFT_EMIT_LOC_STRINGS = YES;
				SWIFT_VERSION = 5.0;
			};
			name = Release;
		};
/* End XCBuildConfiguration section */

/* Begin XCConfigurationList section */
		1A000015000000000000001 /* Build configuration list for PBXNativeTarget "MovieBoxZAdmin" */ = {
			isa = XCConfigurationList;
			buildConfigurations = (
				1A00001C000000000000001 /* Debug */,
				1A00001D000000000000001 /* Release */,
			);
			defaultConfigurationIsVisible = 0;
			defaultConfigurationName = Release;
		};
		1A000019000000000000001 /* Build configuration list for PBXProject "MovieBoxZAdmin" */ = {
			isa = XCConfigurationList;
			buildConfigurations = (
				1A00001A000000000000001 /* Debug */,
				1A00001B000000000000001 /* Release */,
			);
			defaultConfigurationIsVisible = 0;
			defaultConfigurationName = Release;
		};
/* End XCConfigurationList section */
	};
	rootObject = 1A000018000000000000001 /* Project object */;
}
